
Microsoft Visual Studio Solution File, Format Version 12.00
# Visual Studio Version 17
VisualStudioVersion = 17.9.34607.119
MinimumVisualStudioVersion = 10.0.40219.1
Project("{8BC9CEB8-8B4A-11D0-8D11-00A0C91BC942}") = "project", "project.vcxproj", "{EC33BD00-59D2-4D4E-82A5-9E531B4AC9BA}"
EndProject
Project("{8BC9CEB8-8B4A-11D0-8D11-00A0C91BC942}") = "projectTests", "..\projectTests\projectTests.vcxproj", "{BF45F7F9-7120-4A23-BDB7-E50FE879838B}"
EndProject
Global
	GlobalSection(SolutionConfigurationPlatforms) = preSolution
		Debug|x64 = Debug|x64
		Debug|x86 = Debug|x86
		Release|x64 = Release|x64
		Release|x86 = Release|x86
	EndGlobalSection
	GlobalSection(ProjectConfigurationPlatforms) = postSolution
		{EC33BD00-59D2-4D4E-82A5-9E531B4AC9BA}.Debug|x64.ActiveCfg = Debug|x64
		{EC33BD00-59D2-4D4E-82A5-9E531B4AC9BA}.Debug|x64.Build.0 = Debug|x64
		{EC33BD00-59D2-4D4E-82A5-9E531B4AC9BA}.Debug|x86.ActiveCfg = Debug|Win32
		{EC33BD00-59D2-4D4E-82A5-9E531B4AC9BA}.Debug|x86.Build.0 = Debug|Win32
		{EC33BD00-59D2-4D4E-82A5-9E531B4AC9BA}.Release|x64.ActiveCfg = Release|x64
		{EC33BD00-59D2-4D4E-82A5-9E531B4AC9BA}.Release|x64.Build.0 = Release|x64
		{EC33BD00-59D2-4D4E-82A5-9E531B4AC9BA}.Release|x86.ActiveCfg = Release|Win32
		{EC33BD00-59D2-4D4E-82A5-9E531B4AC9BA}.Release|x86.Build.0 = Release|Win32
		{BF45F7F9-7120-4A23-BDB7-E50FE879838B}.Debug|x64.ActiveCfg = Debug|x64
		{BF45F7F9-7120-4A23-BDB7-E50FE879838B}.Debug|x64.Build.0 = Debug|x64
		{BF45F7F9-7120-4A23-BDB7-E50FE879838B}.Debug|x86.ActiveCfg = Debug|Win32
		{BF45F7F9-7120-4A23-BDB7-E50FE879838B}.Debug|x86.Build.0 = Debug|Win32
		{BF45F7F9-7120-4A23-BDB7-E50FE879838B}.Release|x64.ActiveCfg = Release|x64
		{BF45F7F9-7120-4A23-BDB7-E50FE879838B}.Release|x64.Build.0 = Release|x64
		{BF45F7F9-7120-4A23-BDB7-E50FE879838B}.Release|x86.ActiveCfg = Release|Win32
		{BF45F7F9-7120-4A23-BDB7-E50FE879838B}.Release|x86.Build.0 = Release|Win32
	EndGlobalSection
	GlobalSection(SolutionProperties) = preSolution
		HideSolutionNode = FALSE
	EndGlobalSection
	GlobalSection(ExtensibilityGlobals) = postSolution
		SolutionGuid = {BB670BA4-E37B-4A9F-8DA0-C90ECE7C6CD5}
	EndGlobalSection
EndGlobal
